<?xml version="1.0" encoding="utf-8"?>
<Project ToolsVersion="4.0" xmlns="http://schemas.microsoft.com/developer/msbuild/2003">
  <ItemGroup>
    <Filter Include="Resource Files">
      <UniqueIdentifier>{67DA6AB6-F800-4c08-8B7A-83BB121AAD01}</UniqueIdentifier>
      <Extensions>rc;ico;cur;bmp;dlg;rc2;rct;bin;rgs;gif;jpg;jpeg;jpe;resx;tiff;tif;png;wav;mfcribbon-ms</Extensions>
    </Filter>
    <Filter Include="PLS">
      <UniqueIdentifier>{1bdfa043-0bf1-46ea-9516-2606fcf19fc9}</UniqueIdentifier>
    </Filter>
    <Filter Include="PLS\GUI">
      <UniqueIdentifier>{649ca105-dd75-462d-b173-3c43d24a8482}</UniqueIdentifier>
    </Filter>
    <Filter Include="PLS\Objects">
      <UniqueIdentifier>{1e0f677f-cfad-41b5-9a37-d0aa224694e2}</UniqueIdentifier>
    </Filter>
    <Filter Include="PLS\GUI\SDL">
      <UniqueIdentifier>{871b49f8-5919-4bb6-b3c6-c01cb6ec839c}</UniqueIdentifier>
    </Filter>
    <Filter Include="PLS\GUI\Framework">
      <UniqueIdentifier>{1700fbb8-2fc5-4f3a-9691-eb44920f6bd3}</UniqueIdentifier>
    </Filter>
    <Filter Include="PLS\GUI\UI">
      <UniqueIdentifier>{72248bba-d756-4736-bc87-616c4a7b5910}</UniqueIdentifier>
    </Filter>
    <Filter Include="PLS\GUI\Framework\imgui-master">
      <UniqueIdentifier>{31e0fcaa-4945-4368-b788-ade1594164eb}</UniqueIdentifier>
    </Filter>
    <Filter Include="PLS\GUI\UI\Windows">
      <UniqueIdentifier>{039f8555-38f6-48dd-8c1a-ff11ae33825e}</UniqueIdentifier>
    </Filter>
    <Filter Include="PLS\GUI\UI\Tabs">
      <UniqueIdentifier>{120730bf-dfc9-4f41-a5ac-f238ca390fda}</UniqueIdentifier>
    </Filter>
  </ItemGroup>
  <ItemGroup>
    <ClCompile Include="PLS\main.cpp">
      <Filter>PLS</Filter>
    </ClCompile>
    <ClCompile Include="PLS\Objects\Particle.cpp">
      <Filter>PLS\Objects</Filter>
    </ClCompile>
    <ClCompile Include="PLS\GUI\SDL\SDLmain.cpp">
      <Filter>PLS\GUI\SDL</Filter>
    </ClCompile>
    <ClCompile Include="PLS\GUI\Framework\ImGuiInit.cpp">
      <Filter>PLS\GUI\Framework</Filter>
    </ClCompile>
    <ClCompile Include="PLS\GUI\Framework\imgui-master\imgui.cpp">
      <Filter>PLS\GUI\Framework\imgui-master</Filter>
    </ClCompile>
    <ClCompile Include="PLS\GUI\Framework\imgui-master\imgui_demo.cpp">
      <Filter>PLS\GUI\Framework\imgui-master</Filter>
    </ClCompile>
    <ClCompile Include="PLS\GUI\Framework\imgui-master\imgui_draw.cpp">
      <Filter>PLS\GUI\Framework\imgui-master</Filter>
    </ClCompile>
    <ClCompile Include="PLS\GUI\Framework\imgui-master\imgui_sdl.cpp">
      <Filter>PLS\GUI\Framework\imgui-master</Filter>
    </ClCompile>
    <ClCompile Include="PLS\GUI\Framework\imgui-master\imgui_widgets.cpp">
      <Filter>PLS\GUI\Framework\imgui-master</Filter>
    </ClCompile>
    <ClCompile Include="PLS\GUI\UI\Windows\Mainwindow.cpp">
      <Filter>PLS\GUI\UI\Windows</Filter>
    </ClCompile>
    <ClCompile Include="PLS\GUI\UI\Windows\Engineoptions.cpp">
      <Filter>PLS\GUI\UI\Windows</Filter>
    </ClCompile>
    <ClCompile Include="PLS\GUI\UI\Tabs\Config.cpp">
      <Filter>PLS\GUI\UI\Tabs</Filter>
    </ClCompile>
    <ClCompile Include="PLS\GUI\UI\Tabs\Engineopt.cpp">
      <Filter>PLS\GUI\UI\Tabs</Filter>
    </ClCompile>
    <ClCompile Include="PLS\GUI\UI\Tabs\Home.cpp">
      <Filter>PLS\GUI\UI\Tabs</Filter>
    </ClCompile>
  </ItemGroup>
  <ItemGroup>
    <ClInclude Include="PLS\main.h">
      <Filter>PLS</Filter>
    </ClInclude>
    <ClInclude Include="PLS\Objects\Particle.h">
      <Filter>PLS\Objects</Filter>
    </ClInclude>
    <ClInclude Include="PLS\GUI\SDL\SDLmain.h">
      <Filter>PLS\GUI\SDL</Filter>
    </ClInclude>
    <ClInclude Include="PLS\GUI\Framework\ImGuiInit.h">
      <Filter>PLS\GUI\Framework</Filter>
    </ClInclude>
    <ClInclude Include="PLS\GUI\Framework\imgui-master\imconfig.h">
      <Filter>PLS\GUI\Framework\imgui-master</Filter>
    </ClInclude>
    <ClInclude Include="PLS\GUI\Framework\imgui-master\imgui.h">
      <Filter>PLS\GUI\Framework\imgui-master</Filter>
    </ClInclude>
    <ClInclude Include="PLS\GUI\Framework\imgui-master\imgui_internal.h">
      <Filter>PLS\GUI\Framework\imgui-master</Filter>
    </ClInclude>
    <ClInclude Include="PLS\GUI\Framework\imgui-master\imgui_sdl.h">
      <Filter>PLS\GUI\Framework\imgui-master</Filter>
    </ClInclude>
    <ClInclude Include="PLS\GUI\Framework\imgui-master\imstb_rectpack.h">
      <Filter>PLS\GUI\Framework\imgui-master</Filter>
    </ClInclude>
    <ClInclude Include="PLS\GUI\Framework\imgui-master\imstb_textedit.h">
      <Filter>PLS\GUI\Framework\imgui-master</Filter>
    </ClInclude>
    <ClInclude Include="PLS\GUI\Framework\imgui-master\imstb_truetype.h">
      <Filter>PLS\GUI\Framework\imgui-master</Filter>
    </ClInclude>
    <ClInclude Include="PLS\GUI\UI\Windows\Mainwindow.h">
      <Filter>PLS\GUI\UI\Windows</Filter>
    </ClInclude>
    <ClInclude Include="PLS\GUI\UI\Windows\Engineoptions.h">
      <Filter>PLS\GUI\UI\Windows</Filter>
    </ClInclude>
    <ClInclude Include="PLS\GUI\UI\Tabs\Config.h">
      <Filter>PLS\GUI\UI\Tabs</Filter>
    </ClInclude>
    <ClInclude Include="PLS\GUI\UI\Tabs\Engineopt.h">
      <Filter>PLS\GUI\UI\Tabs</Filter>
    </ClInclude>
    <ClInclude Include="PLS\GUI\UI\Tabs\Home.h">
      <Filter>PLS\GUI\UI\Tabs</Filter>
    </ClInclude>
  </ItemGroup>
</Project>